PATH
  remote: .
  specs:
    dokkufy (0.1.2)
      commander
      hpricot
      terminal-table

GEM
  remote: https://rubygems.org/
  specs:
    commander (4.2.0)
      highline (~> 1.6.11)
    highline (1.6.21)
    hpricot (0.8.6)
    terminal-table (1.4.5)

PLATFORMS
  ruby

DEPENDENCIES
  dokkufy!
